
Microsoft Visual Studio Solution File, Format Version 12.00
# Visual Studio 15
VisualStudioVersion = 15.0.28307.960
MinimumVisualStudioVersion = 10.0.40219.1
Project("{FAE04EC0-301F-11D3-BF4B-00C04F79EFBC}") = "3-2", "3-2\3-2.csproj", "{864BF322-A10A-4EA7-AC06-0945C326374C}"
EndProject
Global
	GlobalSection(SolutionConfigurationPlatforms) = preSolution
		Debug|Any CPU = Debug|Any CPU
		Release|Any CPU = Release|Any CPU
	EndGlobalSection
	GlobalSection(ProjectConfigurationPlatforms) = postSolution
		{864BF322-A10A-4EA7-AC06-0945C326374C}.Debug|Any CPU.ActiveCfg = Debug|Any CPU
		{864BF322-A10A-4EA7-AC06-0945C326374C}.Debug|Any CPU.Build.0 = Debug|Any CPU
		{864BF322-A10A-4EA7-AC06-0945C326374C}.Release|Any CPU.ActiveCfg = Release|Any CPU
		{864BF322-A10A-4EA7-AC06-0945C326374C}.Release|Any CPU.Build.0 = Release|Any CPU
	EndGlobalSection
	GlobalSection(SolutionProperties) = preSolution
		HideSolutionNode = FALSE
	EndGlobalSection
	GlobalSection(ExtensibilityGlobals) = postSolution
		SolutionGuid = {02A77D7E-87F3-48B4-A3AD-5A2364004B1E}
	EndGlobalSection
EndGlobal
