
Microsoft Visual Studio Solution File, Format Version 12.00
# Visual Studio Version 16
VisualStudioVersion = 16.0.30523.141
MinimumVisualStudioVersion = 10.0.40219.1
Project("{FAE04EC0-301F-11D3-BF4B-00C04F79EFBC}") = "Innumerable_14(Такси(Мое_решение))", "Innumerable_14(Такси(Мое_решение))\Innumerable_14(Такси(Мое_решение)).csproj", "{BD59751E-BD4A-4451-AC8C-65E28C9F9F6B}"
EndProject
Global
	GlobalSection(SolutionConfigurationPlatforms) = preSolution
		Debug|Any CPU = Debug|Any CPU
		Release|Any CPU = Release|Any CPU
	EndGlobalSection
	GlobalSection(ProjectConfigurationPlatforms) = postSolution
		{BD59751E-BD4A-4451-AC8C-65E28C9F9F6B}.Debug|Any CPU.ActiveCfg = Debug|Any CPU
		{BD59751E-BD4A-4451-AC8C-65E28C9F9F6B}.Debug|Any CPU.Build.0 = Debug|Any CPU
		{BD59751E-BD4A-4451-AC8C-65E28C9F9F6B}.Release|Any CPU.ActiveCfg = Release|Any CPU
		{BD59751E-BD4A-4451-AC8C-65E28C9F9F6B}.Release|Any CPU.Build.0 = Release|Any CPU
	EndGlobalSection
	GlobalSection(SolutionProperties) = preSolution
		HideSolutionNode = FALSE
	EndGlobalSection
	GlobalSection(ExtensibilityGlobals) = postSolution
		SolutionGuid = {FDD9E11B-CB3F-42E8-B78E-6D8D1D473286}
	EndGlobalSection
EndGlobal
