
Microsoft Visual Studio Solution File, Format Version 12.00
# Visual Studio Version 17
VisualStudioVersion = 17.2.32616.157
MinimumVisualStudioVersion = 10.0.40219.1
Project("{9A19103F-16F7-4668-BE54-9A1E7A4F7556}") = "№ 2 Проектирование типов. Классы.", "№ 2 Проектирование типов. Классы\№ 2 Проектирование типов. Классы..csproj", "{B39039E2-5436-4701-8ACB-3343FDABDE36}"
EndProject
Project("{FAE04EC0-301F-11D3-BF4B-00C04F79EFBC}") = "Question", "Question\Question.csproj", "{BDB0491B-FF0A-4273-A434-5A3473621DBC}"
EndProject
Global
	GlobalSection(SolutionConfigurationPlatforms) = preSolution
		Debug|Any CPU = Debug|Any CPU
		Release|Any CPU = Release|Any CPU
	EndGlobalSection
	GlobalSection(ProjectConfigurationPlatforms) = postSolution
		{B39039E2-5436-4701-8ACB-3343FDABDE36}.Debug|Any CPU.ActiveCfg = Debug|Any CPU
		{B39039E2-5436-4701-8ACB-3343FDABDE36}.Debug|Any CPU.Build.0 = Debug|Any CPU
		{B39039E2-5436-4701-8ACB-3343FDABDE36}.Release|Any CPU.ActiveCfg = Release|Any CPU
		{B39039E2-5436-4701-8ACB-3343FDABDE36}.Release|Any CPU.Build.0 = Release|Any CPU
		{BDB0491B-FF0A-4273-A434-5A3473621DBC}.Debug|Any CPU.ActiveCfg = Debug|Any CPU
		{BDB0491B-FF0A-4273-A434-5A3473621DBC}.Debug|Any CPU.Build.0 = Debug|Any CPU
		{BDB0491B-FF0A-4273-A434-5A3473621DBC}.Release|Any CPU.ActiveCfg = Release|Any CPU
		{BDB0491B-FF0A-4273-A434-5A3473621DBC}.Release|Any CPU.Build.0 = Release|Any CPU
	EndGlobalSection
	GlobalSection(SolutionProperties) = preSolution
		HideSolutionNode = FALSE
	EndGlobalSection
	GlobalSection(ExtensibilityGlobals) = postSolution
		SolutionGuid = {0D29833E-7D46-49BD-9CC5-204222F66A1E}
	EndGlobalSection
EndGlobal
