
Microsoft Visual Studio Solution File, Format Version 12.00
# Visual Studio Version 17
VisualStudioVersion = 17.3.32922.545
MinimumVisualStudioVersion = 10.0.40219.1
Project("{FAE04EC0-301F-11D3-BF4B-00C04F79EFBC}") = "LW19 OOTPISP", "LW19 OOTPISP\LW19 OOTPISP.csproj", "{43484DE6-1D55-4B65-B2E0-BFEE12E6852D}"
EndProject
Global
	GlobalSection(SolutionConfigurationPlatforms) = preSolution
		Debug|Any CPU = Debug|Any CPU
		Release|Any CPU = Release|Any CPU
	EndGlobalSection
	GlobalSection(ProjectConfigurationPlatforms) = postSolution
		{43484DE6-1D55-4B65-B2E0-BFEE12E6852D}.Debug|Any CPU.ActiveCfg = Debug|Any CPU
		{43484DE6-1D55-4B65-B2E0-BFEE12E6852D}.Debug|Any CPU.Build.0 = Debug|Any CPU
		{43484DE6-1D55-4B65-B2E0-BFEE12E6852D}.Release|Any CPU.ActiveCfg = Release|Any CPU
		{43484DE6-1D55-4B65-B2E0-BFEE12E6852D}.Release|Any CPU.Build.0 = Release|Any CPU
	EndGlobalSection
	GlobalSection(SolutionProperties) = preSolution
		HideSolutionNode = FALSE
	EndGlobalSection
	GlobalSection(ExtensibilityGlobals) = postSolution
		SolutionGuid = {E6976C63-01E4-4640-91B7-7E23A61A31F3}
	EndGlobalSection
EndGlobal
