
Microsoft Visual Studio Solution File, Format Version 12.00
# Visual Studio Version 16
VisualStudioVersion = 16.0.30523.141
MinimumVisualStudioVersion = 10.0.40219.1
Project("{FAE04EC0-301F-11D3-BF4B-00C04F79EFBC}") = "Podliva", "Podliva\Podliva.csproj", "{7D678472-6DD2-4C81-A74B-5CAD5522ED58}"
EndProject
Global
	GlobalSection(SolutionConfigurationPlatforms) = preSolution
		Debug|Any CPU = Debug|Any CPU
		Release|Any CPU = Release|Any CPU
	EndGlobalSection
	GlobalSection(ProjectConfigurationPlatforms) = postSolution
		{7D678472-6DD2-4C81-A74B-5CAD5522ED58}.Debug|Any CPU.ActiveCfg = Debug|Any CPU
		{7D678472-6DD2-4C81-A74B-5CAD5522ED58}.Debug|Any CPU.Build.0 = Debug|Any CPU
		{7D678472-6DD2-4C81-A74B-5CAD5522ED58}.Release|Any CPU.ActiveCfg = Release|Any CPU
		{7D678472-6DD2-4C81-A74B-5CAD5522ED58}.Release|Any CPU.Build.0 = Release|Any CPU
	EndGlobalSection
	GlobalSection(SolutionProperties) = preSolution
		HideSolutionNode = FALSE
	EndGlobalSection
	GlobalSection(ExtensibilityGlobals) = postSolution
		SolutionGuid = {CD57FC89-E51E-4FF0-9D2A-2ED53AD3EA83}
	EndGlobalSection
EndGlobal
