
Microsoft Visual Studio Solution File, Format Version 12.00
# Visual Studio 15
VisualStudioVersion = 15.0.28307.960
MinimumVisualStudioVersion = 10.0.40219.1
Project("{FAE04EC0-301F-11D3-BF4B-00C04F79EFBC}") = "roma", "roma\roma.csproj", "{9174F171-029F-411E-AAD6-F12215BB7CDE}"
EndProject
Global
	GlobalSection(SolutionConfigurationPlatforms) = preSolution
		Debug|Any CPU = Debug|Any CPU
		Release|Any CPU = Release|Any CPU
	EndGlobalSection
	GlobalSection(ProjectConfigurationPlatforms) = postSolution
		{9174F171-029F-411E-AAD6-F12215BB7CDE}.Debug|Any CPU.ActiveCfg = Debug|Any CPU
		{9174F171-029F-411E-AAD6-F12215BB7CDE}.Debug|Any CPU.Build.0 = Debug|Any CPU
		{9174F171-029F-411E-AAD6-F12215BB7CDE}.Release|Any CPU.ActiveCfg = Release|Any CPU
		{9174F171-029F-411E-AAD6-F12215BB7CDE}.Release|Any CPU.Build.0 = Release|Any CPU
	EndGlobalSection
	GlobalSection(SolutionProperties) = preSolution
		HideSolutionNode = FALSE
	EndGlobalSection
	GlobalSection(ExtensibilityGlobals) = postSolution
		SolutionGuid = {95186307-BB9C-4A57-B805-DD45FE91B18E}
	EndGlobalSection
EndGlobal
