
Microsoft Visual Studio Solution File, Format Version 12.00
# Visual Studio Version 17
VisualStudioVersion = 17.3.32922.545
MinimumVisualStudioVersion = 10.0.40219.1
Project("{8BC9CEB8-8B4A-11D0-8D11-00A0C91BC942}") = "Алгоритм Хаффмана", "Алгоритм Хаффмана\Алгоритм Хаффмана.vcxproj", "{3BAB33E4-D5C5-4385-818F-B87C101419D1}"
EndProject
Project("{8BC9CEB8-8B4A-11D0-8D11-00A0C91BC942}") = "P_Haffman", "P_Haffman\P_Haffman.vcxproj", "{E128A0EF-AC56-45D4-97C1-980612BCBD40}"
EndProject
Global
	GlobalSection(SolutionConfigurationPlatforms) = preSolution
		Debug|x64 = Debug|x64
		Debug|x86 = Debug|x86
		Release|x64 = Release|x64
		Release|x86 = Release|x86
	EndGlobalSection
	GlobalSection(ProjectConfigurationPlatforms) = postSolution
		{3BAB33E4-D5C5-4385-818F-B87C101419D1}.Debug|x64.ActiveCfg = Debug|x64
		{3BAB33E4-D5C5-4385-818F-B87C101419D1}.Debug|x64.Build.0 = Debug|x64
		{3BAB33E4-D5C5-4385-818F-B87C101419D1}.Debug|x86.ActiveCfg = Debug|Win32
		{3BAB33E4-D5C5-4385-818F-B87C101419D1}.Debug|x86.Build.0 = Debug|Win32
		{3BAB33E4-D5C5-4385-818F-B87C101419D1}.Release|x64.ActiveCfg = Release|x64
		{3BAB33E4-D5C5-4385-818F-B87C101419D1}.Release|x64.Build.0 = Release|x64
		{3BAB33E4-D5C5-4385-818F-B87C101419D1}.Release|x86.ActiveCfg = Release|Win32
		{3BAB33E4-D5C5-4385-818F-B87C101419D1}.Release|x86.Build.0 = Release|Win32
		{E128A0EF-AC56-45D4-97C1-980612BCBD40}.Debug|x64.ActiveCfg = Debug|x64
		{E128A0EF-AC56-45D4-97C1-980612BCBD40}.Debug|x64.Build.0 = Debug|x64
		{E128A0EF-AC56-45D4-97C1-980612BCBD40}.Debug|x86.ActiveCfg = Debug|Win32
		{E128A0EF-AC56-45D4-97C1-980612BCBD40}.Debug|x86.Build.0 = Debug|Win32
		{E128A0EF-AC56-45D4-97C1-980612BCBD40}.Release|x64.ActiveCfg = Release|x64
		{E128A0EF-AC56-45D4-97C1-980612BCBD40}.Release|x64.Build.0 = Release|x64
		{E128A0EF-AC56-45D4-97C1-980612BCBD40}.Release|x86.ActiveCfg = Release|Win32
		{E128A0EF-AC56-45D4-97C1-980612BCBD40}.Release|x86.Build.0 = Release|Win32
	EndGlobalSection
	GlobalSection(SolutionProperties) = preSolution
		HideSolutionNode = FALSE
	EndGlobalSection
	GlobalSection(ExtensibilityGlobals) = postSolution
		SolutionGuid = {6C315041-5F96-4201-8652-5A8B126B8679}
	EndGlobalSection
EndGlobal
